PODS:
  - BAGridView (1.2.6):
    - SDWebImage
  - Masonry (1.1.0)
  - SDWebImage (5.12.3):
    - SDWebImage/Core (= 5.12.3)
  - SDWebImage/Core (5.12.3)

DEPENDENCIES:
  - BAGridView (from `../`)
  - Masonry

SPEC REPOS:
  trunk:
    - Masonry
    - SDWebImage

EXTERNAL SOURCES:
  BAGridView:
    :path: "../"

SPEC CHECKSUMS:
  BAGridView: 5162180c574b3ec470728a3962f9f9741f1085d0
  Masonry: 678fab65091a9290e40e2832a55e7ab731aad201
  SDWebImage: 53179a2dba77246efa8a9b85f5c5b21f8f43e38f

PODFILE CHECKSUM: 9c4f8aee86b9c4d05a48ee37e184fa1c38b1edb0

COCOAPODS: 1.10.1
