PODS:
  - BAGridView (1.1.9):
    - SDWebImage
  - SDWebImage (5.7.1):
    - SDWebImage/Core (= 5.7.1)
  - SDWebImage/Core (5.7.1)

DEPENDENCIES:
  - BAGridView (from `../`)

SPEC REPOS:
  trunk:
    - SDWebImage

EXTERNAL SOURCES:
  BAGridView:
    :path: "../"

SPEC CHECKSUMS:
  BAGridView: 92fef17bdaa16a9362a9824cc05ed8d21217a4e7
  SDWebImage: 5d4cf6afccd9ac1d2ee701ed0c4917cbb1b80536

PODFILE CHECKSUM: 0d15c587b29c986e4b203d3ba398dcd2b80ab7a9

COCOAPODS: 1.9.1
