PODS:
  - BAGridView (1.2.3):
    - SDWebImage
  - Masonry (1.1.0)
  - SDWebImage (5.9.5):
    - SDWebImage/Core (= 5.9.5)
  - SDWebImage/Core (5.9.5)

DEPENDENCIES:
  - BAGridView (from `../`)
  - Masonry

SPEC REPOS:
  trunk:
    - Masonry
    - SDWebImage

EXTERNAL SOURCES:
  BAGridView:
    :path: "../"

SPEC CHECKSUMS:
  BAGridView: 3bebcdb829a4a2d65042d15d2838c7f10cf2a28a
  Masonry: 678fab65091a9290e40e2832a55e7ab731aad201
  SDWebImage: 0b2ba0d56479bf6a45ecddbfd5558bea93150d25

PODFILE CHECKSUM: 9c4f8aee86b9c4d05a48ee37e184fa1c38b1edb0

COCOAPODS: 1.9.3
